
Microsoft Visual Studio Solution File, Format Version 12.00
# Visual Studio Version 17
VisualStudioVersion = 17.14.36408.4
MinimumVisualStudioVersion = 10.0.40219.1
Project("{FAE04EC0-301F-11D3-BF4B-00C04F79EFBC}") = "zad_19", "zad_19\zad_19.csproj", "{144ECF04-F394-4DE7-81F7-96BFFFE419AA}"
EndProject
Global
	GlobalSection(SolutionConfigurationPlatforms) = preSolution
		Debug|Any CPU = Debug|Any CPU
		Release|Any CPU = Release|Any CPU
	EndGlobalSection
	GlobalSection(ProjectConfigurationPlatforms) = postSolution
		{144ECF04-F394-4DE7-81F7-96BFFFE419AA}.Debug|Any CPU.ActiveCfg = Debug|Any CPU
		{144ECF04-F394-4DE7-81F7-96BFFFE419AA}.Debug|Any CPU.Build.0 = Debug|Any CPU
		{144ECF04-F394-4DE7-81F7-96BFFFE419AA}.Release|Any CPU.ActiveCfg = Release|Any CPU
		{144ECF04-F394-4DE7-81F7-96BFFFE419AA}.Release|Any CPU.Build.0 = Release|Any CPU
	EndGlobalSection
	GlobalSection(SolutionProperties) = preSolution
		HideSolutionNode = FALSE
	EndGlobalSection
	GlobalSection(ExtensibilityGlobals) = postSolution
		SolutionGuid = {D3EC84E4-32CF-41BC-8C57-DEFB501C8E4D}
	EndGlobalSection
EndGlobal
